
Microsoft Visual Studio Solution File, Format Version 12.00
# Visual Studio Version 16
VisualStudioVersion = 16.0.29409.12
MinimumVisualStudioVersion = 10.0.40219.1
Project("{FAE04EC0-301F-11D3-BF4B-00C04F79EFBC}") = "OHD_Project_Sem_3", "OHD_Project_Sem_3\OHD_Project_Sem_3.csproj", "{ED36AEFD-C28D-408D-AEBF-62ADF0DBD49B}"
EndProject
Global
	GlobalSection(SolutionConfigurationPlatforms) = preSolution
		Debug|Any CPU = Debug|Any CPU
		Release|Any CPU = Release|Any CPU
	EndGlobalSection
	GlobalSection(ProjectConfigurationPlatforms) = postSolution
		{ED36AEFD-C28D-408D-AEBF-62ADF0DBD49B}.Debug|Any CPU.ActiveCfg = Debug|Any CPU
		{ED36AEFD-C28D-408D-AEBF-62ADF0DBD49B}.Debug|Any CPU.Build.0 = Debug|Any CPU
		{ED36AEFD-C28D-408D-AEBF-62ADF0DBD49B}.Release|Any CPU.ActiveCfg = Release|Any CPU
		{ED36AEFD-C28D-408D-AEBF-62ADF0DBD49B}.Release|Any CPU.Build.0 = Release|Any CPU
	EndGlobalSection
	GlobalSection(SolutionProperties) = preSolution
		HideSolutionNode = FALSE
	EndGlobalSection
	GlobalSection(ExtensibilityGlobals) = postSolution
		SolutionGuid = {918A26F5-6331-4948-8E43-AEFF1285BCBD}
	EndGlobalSection
EndGlobal
